
Microsoft Visual Studio Solution File, Format Version 12.00
# Visual Studio Version 17
VisualStudioVersion = 17.0.31903.59
MinimumVisualStudioVersion = 10.0.40219.1
Project("{2150E333-8FDC-42A3-9474-1A3956D46DE8}") = "src", "src", "{827E0CD3-B72D-47B6-A68D-7590B98EB39B}"
EndProject
Project("{FAE04EC0-301F-11D3-BF4B-00C04F79EFBC}") = "ModelContextProtocol.Interceptors", "src\ModelContextProtocol.Interceptors\ModelContextProtocol.Interceptors.csproj", "{354D4988-07B6-4DEC-80D8-F558D9347EF0}"
EndProject
Project("{2150E333-8FDC-42A3-9474-1A3956D46DE8}") = "samples", "samples", "{5D20AA90-6969-D8BD-9DCD-8634F4692FDA}"
EndProject
Project("{FAE04EC0-301F-11D3-BF4B-00C04F79EFBC}") = "InterceptorServiceSample", "samples\InterceptorServiceSample\InterceptorServiceSample.csproj", "{45C578FE-FD43-4141-A0E1-68D9E359093F}"
EndProject
Project("{FAE04EC0-301F-11D3-BF4B-00C04F79EFBC}") = "InterceptorServerSample", "samples\InterceptorServerSample\InterceptorServerSample.csproj", "{FBBE9908-ED1F-47BD-B36A-8D809CD98DDE}"
EndProject
Project("{FAE04EC0-301F-11D3-BF4B-00C04F79EFBC}") = "InterceptorClientSample", "samples\InterceptorClientSample\InterceptorClientSample.csproj", "{0D5C2853-1AC5-4C17-A283-DBD0A9DFC841}"
EndProject
Project("{FAE04EC0-301F-11D3-BF4B-00C04F79EFBC}") = "InterceptorLlmSample", "samples\InterceptorLlmSample\InterceptorLlmSample.csproj", "{1A4B3F17-53C3-4C15-9AC3-99AC01028D58}"
EndProject
Project("{2150E333-8FDC-42A3-9474-1A3956D46DE8}") = "tests", "tests", "{0AB3BF05-4346-4AA6-1389-037BE0695223}"
EndProject
Project("{FAE04EC0-301F-11D3-BF4B-00C04F79EFBC}") = "ModelContextProtocol.Interceptors.Tests", "tests\ModelContextProtocol.Interceptors.Tests\ModelContextProtocol.Interceptors.Tests.csproj", "{B7548F9A-DF87-433F-B2BB-C3DFCA4F7B7C}"
EndProject
Global
	GlobalSection(SolutionConfigurationPlatforms) = preSolution
		Debug|Any CPU = Debug|Any CPU
		Debug|x64 = Debug|x64
		Debug|x86 = Debug|x86
		Release|Any CPU = Release|Any CPU
		Release|x64 = Release|x64
		Release|x86 = Release|x86
	EndGlobalSection
	GlobalSection(ProjectConfigurationPlatforms) = postSolution
		{354D4988-07B6-4DEC-80D8-F558D9347EF0}.Debug|Any CPU.ActiveCfg = Debug|Any CPU
		{354D4988-07B6-4DEC-80D8-F558D9347EF0}.Debug|Any CPU.Build.0 = Debug|Any CPU
		{354D4988-07B6-4DEC-80D8-F558D9347EF0}.Debug|x64.ActiveCfg = Debug|Any CPU
		{354D4988-07B6-4DEC-80D8-F558D9347EF0}.Debug|x64.Build.0 = Debug|Any CPU
		{354D4988-07B6-4DEC-80D8-F558D9347EF0}.Debug|x86.ActiveCfg = Debug|Any CPU
		{354D4988-07B6-4DEC-80D8-F558D9347EF0}.Debug|x86.Build.0 = Debug|Any CPU
		{354D4988-07B6-4DEC-80D8-F558D9347EF0}.Release|Any CPU.ActiveCfg = Release|Any CPU
		{354D4988-07B6-4DEC-80D8-F558D9347EF0}.Release|Any CPU.Build.0 = Release|Any CPU
		{354D4988-07B6-4DEC-80D8-F558D9347EF0}.Release|x64.ActiveCfg = Release|Any CPU
		{354D4988-07B6-4DEC-80D8-F558D9347EF0}.Release|x64.Build.0 = Release|Any CPU
		{354D4988-07B6-4DEC-80D8-F558D9347EF0}.Release|x86.ActiveCfg = Release|Any CPU
		{354D4988-07B6-4DEC-80D8-F558D9347EF0}.Release|x86.Build.0 = Release|Any CPU
		{45C578FE-FD43-4141-A0E1-68D9E359093F}.Debug|Any CPU.ActiveCfg = Debug|Any CPU
		{45C578FE-FD43-4141-A0E1-68D9E359093F}.Debug|Any CPU.Build.0 = Debug|Any CPU
		{45C578FE-FD43-4141-A0E1-68D9E359093F}.Debug|x64.ActiveCfg = Debug|Any CPU
		{45C578FE-FD43-4141-A0E1-68D9E359093F}.Debug|x64.Build.0 = Debug|Any CPU
		{45C578FE-FD43-4141-A0E1-68D9E359093F}.Debug|x86.ActiveCfg = Debug|Any CPU
		{45C578FE-FD43-4141-A0E1-68D9E359093F}.Debug|x86.Build.0 = Debug|Any CPU
		{45C578FE-FD43-4141-A0E1-68D9E359093F}.Release|Any CPU.ActiveCfg = Release|Any CPU
		{45C578FE-FD43-4141-A0E1-68D9E359093F}.Release|Any CPU.Build.0 = Release|Any CPU
		{45C578FE-FD43-4141-A0E1-68D9E359093F}.Release|x64.ActiveCfg = Release|Any CPU
		{45C578FE-FD43-4141-A0E1-68D9E359093F}.Release|x64.Build.0 = Release|Any CPU
		{45C578FE-FD43-4141-A0E1-68D9E359093F}.Release|x86.ActiveCfg = Release|Any CPU
		{45C578FE-FD43-4141-A0E1-68D9E359093F}.Release|x86.Build.0 = Release|Any CPU
		{FBBE9908-ED1F-47BD-B36A-8D809CD98DDE}.Debug|Any CPU.ActiveCfg = Debug|Any CPU
		{FBBE9908-ED1F-47BD-B36A-8D809CD98DDE}.Debug|Any CPU.Build.0 = Debug|Any CPU
		{FBBE9908-ED1F-47BD-B36A-8D809CD98DDE}.Debug|x64.ActiveCfg = Debug|Any CPU
		{FBBE9908-ED1F-47BD-B36A-8D809CD98DDE}.Debug|x64.Build.0 = Debug|Any CPU
		{FBBE9908-ED1F-47BD-B36A-8D809CD98DDE}.Debug|x86.ActiveCfg = Debug|Any CPU
		{FBBE9908-ED1F-47BD-B36A-8D809CD98DDE}.Debug|x86.Build.0 = Debug|Any CPU
		{FBBE9908-ED1F-47BD-B36A-8D809CD98DDE}.Release|Any CPU.ActiveCfg = Release|Any CPU
		{FBBE9908-ED1F-47BD-B36A-8D809CD98DDE}.Release|Any CPU.Build.0 = Release|Any CPU
		{FBBE9908-ED1F-47BD-B36A-8D809CD98DDE}.Release|x64.ActiveCfg = Release|Any CPU
		{FBBE9908-ED1F-47BD-B36A-8D809CD98DDE}.Release|x64.Build.0 = Release|Any CPU
		{FBBE9908-ED1F-47BD-B36A-8D809CD98DDE}.Release|x86.ActiveCfg = Release|Any CPU
		{FBBE9908-ED1F-47BD-B36A-8D809CD98DDE}.Release|x86.Build.0 = Release|Any CPU
		{0D5C2853-1AC5-4C17-A283-DBD0A9DFC841}.Debug|Any CPU.ActiveCfg = Debug|Any CPU
		{0D5C2853-1AC5-4C17-A283-DBD0A9DFC841}.Debug|Any CPU.Build.0 = Debug|Any CPU
		{0D5C2853-1AC5-4C17-A283-DBD0A9DFC841}.Debug|x64.ActiveCfg = Debug|Any CPU
		{0D5C2853-1AC5-4C17-A283-DBD0A9DFC841}.Debug|x64.Build.0 = Debug|Any CPU
		{0D5C2853-1AC5-4C17-A283-DBD0A9DFC841}.Debug|x86.ActiveCfg = Debug|Any CPU
		{0D5C2853-1AC5-4C17-A283-DBD0A9DFC841}.Debug|x86.Build.0 = Debug|Any CPU
		{0D5C2853-1AC5-4C17-A283-DBD0A9DFC841}.Release|Any CPU.ActiveCfg = Release|Any CPU
		{0D5C2853-1AC5-4C17-A283-DBD0A9DFC841}.Release|Any CPU.Build.0 = Release|Any CPU
		{0D5C2853-1AC5-4C17-A283-DBD0A9DFC841}.Release|x64.ActiveCfg = Release|Any CPU
		{0D5C2853-1AC5-4C17-A283-DBD0A9DFC841}.Release|x64.Build.0 = Release|Any CPU
		{0D5C2853-1AC5-4C17-A283-DBD0A9DFC841}.Release|x86.ActiveCfg = Release|Any CPU
		{0D5C2853-1AC5-4C17-A283-DBD0A9DFC841}.Release|x86.Build.0 = Release|Any CPU
		{1A4B3F17-53C3-4C15-9AC3-99AC01028D58}.Debug|Any CPU.ActiveCfg = Debug|Any CPU
		{1A4B3F17-53C3-4C15-9AC3-99AC01028D58}.Debug|Any CPU.Build.0 = Debug|Any CPU
		{1A4B3F17-53C3-4C15-9AC3-99AC01028D58}.Debug|x64.ActiveCfg = Debug|Any CPU
		{1A4B3F17-53C3-4C15-9AC3-99AC01028D58}.Debug|x64.Build.0 = Debug|Any CPU
		{1A4B3F17-53C3-4C15-9AC3-99AC01028D58}.Debug|x86.ActiveCfg = Debug|Any CPU
		{1A4B3F17-53C3-4C15-9AC3-99AC01028D58}.Debug|x86.Build.0 = Debug|Any CPU
		{1A4B3F17-53C3-4C15-9AC3-99AC01028D58}.Release|Any CPU.ActiveCfg = Release|Any CPU
		{1A4B3F17-53C3-4C15-9AC3-99AC01028D58}.Release|Any CPU.Build.0 = Release|Any CPU
		{1A4B3F17-53C3-4C15-9AC3-99AC01028D58}.Release|x64.ActiveCfg = Release|Any CPU
		{1A4B3F17-53C3-4C15-9AC3-99AC01028D58}.Release|x64.Build.0 = Release|Any CPU
		{1A4B3F17-53C3-4C15-9AC3-99AC01028D58}.Release|x86.ActiveCfg = Release|Any CPU
		{1A4B3F17-53C3-4C15-9AC3-99AC01028D58}.Release|x86.Build.0 = Release|Any CPU
		{B7548F9A-DF87-433F-B2BB-C3DFCA4F7B7C}.Debug|Any CPU.ActiveCfg = Debug|Any CPU
		{B7548F9A-DF87-433F-B2BB-C3DFCA4F7B7C}.Debug|Any CPU.Build.0 = Debug|Any CPU
		{B7548F9A-DF87-433F-B2BB-C3DFCA4F7B7C}.Debug|x64.ActiveCfg = Debug|Any CPU
		{B7548F9A-DF87-433F-B2BB-C3DFCA4F7B7C}.Debug|x64.Build.0 = Debug|Any CPU
		{B7548F9A-DF87-433F-B2BB-C3DFCA4F7B7C}.Debug|x86.ActiveCfg = Debug|Any CPU
		{B7548F9A-DF87-433F-B2BB-C3DFCA4F7B7C}.Debug|x86.Build.0 = Debug|Any CPU
		{B7548F9A-DF87-433F-B2BB-C3DFCA4F7B7C}.Release|Any CPU.ActiveCfg = Release|Any CPU
		{B7548F9A-DF87-433F-B2BB-C3DFCA4F7B7C}.Release|Any CPU.Build.0 = Release|Any CPU
		{B7548F9A-DF87-433F-B2BB-C3DFCA4F7B7C}.Release|x64.ActiveCfg = Release|Any CPU
		{B7548F9A-DF87-433F-B2BB-C3DFCA4F7B7C}.Release|x64.Build.0 = Release|Any CPU
		{B7548F9A-DF87-433F-B2BB-C3DFCA4F7B7C}.Release|x86.ActiveCfg = Release|Any CPU
		{B7548F9A-DF87-433F-B2BB-C3DFCA4F7B7C}.Release|x86.Build.0 = Release|Any CPU
	EndGlobalSection
	GlobalSection(SolutionProperties) = preSolution
		HideSolutionNode = FALSE
	EndGlobalSection
	GlobalSection(NestedProjects) = preSolution
		{354D4988-07B6-4DEC-80D8-F558D9347EF0} = {827E0CD3-B72D-47B6-A68D-7590B98EB39B}
		{45C578FE-FD43-4141-A0E1-68D9E359093F} = {5D20AA90-6969-D8BD-9DCD-8634F4692FDA}
		{FBBE9908-ED1F-47BD-B36A-8D809CD98DDE} = {5D20AA90-6969-D8BD-9DCD-8634F4692FDA}
		{0D5C2853-1AC5-4C17-A283-DBD0A9DFC841} = {5D20AA90-6969-D8BD-9DCD-8634F4692FDA}
		{1A4B3F17-53C3-4C15-9AC3-99AC01028D58} = {5D20AA90-6969-D8BD-9DCD-8634F4692FDA}
		{B7548F9A-DF87-433F-B2BB-C3DFCA4F7B7C} = {0AB3BF05-4346-4AA6-1389-037BE0695223}
	EndGlobalSection
EndGlobal
